
Microsoft Visual Studio Solution File, Format Version 12.00
# Visual Studio Version 17
VisualStudioVersion = 17.13.35806.99 d17.13
MinimumVisualStudioVersion = 10.0.40219.1
Project("{FAE04EC0-301F-11D3-BF4B-00C04F79EFBC}") = "ArcSonglistMigrator", "ArcSonglistMigrator.csproj", "{FA918546-E030-44C8-AF40-69D03F35745F}"
EndProject
Global
	GlobalSection(SolutionConfigurationPlatforms) = preSolution
		Debug|Any CPU = Debug|Any CPU
		Release|Any CPU = Release|Any CPU
	EndGlobalSection
	GlobalSection(ProjectConfigurationPlatforms) = postSolution
		{FA918546-E030-44C8-AF40-69D03F35745F}.Debug|Any CPU.ActiveCfg = Debug|Any CPU
		{FA918546-E030-44C8-AF40-69D03F35745F}.Debug|Any CPU.Build.0 = Debug|Any CPU
		{FA918546-E030-44C8-AF40-69D03F35745F}.Release|Any CPU.ActiveCfg = Release|Any CPU
		{FA918546-E030-44C8-AF40-69D03F35745F}.Release|Any CPU.Build.0 = Release|Any CPU
	EndGlobalSection
	GlobalSection(SolutionProperties) = preSolution
		HideSolutionNode = FALSE
	EndGlobalSection
	GlobalSection(ExtensibilityGlobals) = postSolution
		SolutionGuid = {74390B1F-8D35-4817-98EA-9BD5FF053016}
	EndGlobalSection
EndGlobal
